// !$*UTF8*$!
{
	archiveVersion = 1;
	classes = {
	};
	objectVersion = 56;
	objects = {

/* Begin PBXBuildFile section */
		3286A08B2BED22B000F8B5CC /* Thrifty_TrailsApp.swift in Sources */ = {isa = PBXBuildFile; fileRef = 3286A08A2BED22B000F8B5CC /* Thrifty_TrailsApp.swift */; };
		3286A08D2BED22B000F8B5CC /* ContentView.swift in Sources */ = {isa = PBXBuildFile; fileRef = 3286A08C2BED22B000F8B5CC /* ContentView.swift */; };
		3286A08F2BED22B000F8B5CC /* Item.swift in Sources */ = {isa = PBXBuildFile; fileRef = 3286A08E2BED22B000F8B5CC /* Item.swift */; };
		3286A0912BED22B300F8B5CC /* Assets.xcassets in Resources */ = {isa = PBXBuildFile; fileRef = 3286A0902BED22B300F8B5CC /* Assets.xcassets */; };
		3286A0942BED22B300F8B5CC /* Preview Assets.xcassets in Resources */ = {isa = PBXBuildFile; fileRef = 3286A0932BED22B300F8B5CC /* Preview Assets.xcassets */; };
		3286A09B2BED231600F8B5CC /* ExploreView.swift in Sources */ = {isa = PBXBuildFile; fileRef = 3286A09A2BED231600F8B5CC /* ExploreView.swift */; };
		3286A09D2BED2AB000F8B5CC /* ItineraryView.swift in Sources */ = {isa = PBXBuildFile; fileRef = 3286A09C2BED2AAF00F8B5CC /* ItineraryView.swift */; };
		3286A09F2BED2ABF00F8B5CC /* AboutView.swift in Sources */ = {isa = PBXBuildFile; fileRef = 3286A09E2BED2ABF00F8B5CC /* AboutView.swift */; };
		3286A0A12BED2AD200F8B5CC /* HotelView.swift in Sources */ = {isa = PBXBuildFile; fileRef = 3286A0A02BED2AD200F8B5CC /* HotelView.swift */; };
		3286A0A52BED361300F8B5CC /* TripView.swift in Sources */ = {isa = PBXBuildFile; fileRef = 3286A0A42BED361300F8B5CC /* TripView.swift */; };
		3286A0A72BED362100F8B5CC /* ChatView.swift in Sources */ = {isa = PBXBuildFile; fileRef = 3286A0A62BED362000F8B5CC /* ChatView.swift */; };
		3286A0A92BED37B900F8B5CC /* ProfileView.swift in Sources */ = {isa = PBXBuildFile; fileRef = 3286A0A82BED37B900F8B5CC /* ProfileView.swift */; };
/* End PBXBuildFile section */

/* Begin PBXFileReference section */
		3286A0872BED22B000F8B5CC /* Thrifty Trails.app */ = {isa = PBXFileReference; explicitFileType = wrapper.application; includeInIndex = 0; path = "Thrifty Trails.app"; sourceTree = BUILT_PRODUCTS_DIR; };
		3286A08A2BED22B000F8B5CC /* Thrifty_TrailsApp.swift */ = {isa = PBXFileReference; lastKnownFileType = sourcecode.swift; path = Thrifty_TrailsApp.swift; sourceTree = "<group>"; };
		3286A08C2BED22B000F8B5CC /* ContentView.swift */ = {isa = PBXFileReference; lastKnownFileType = sourcecode.swift; path = ContentView.swift; sourceTree = "<group>"; };
		3286A08E2BED22B000F8B5CC /* Item.swift */ = {isa = PBXFileReference; lastKnownFileType = sourcecode.swift; path = Item.swift; sourceTree = "<group>"; };
		3286A0902BED22B300F8B5CC /* Assets.xcassets */ = {isa = PBXFileReference; lastKnownFileType = folder.assetcatalog; path = Assets.xcassets; sourceTree = "<group>"; };
		3286A0932BED22B300F8B5CC /* Preview Assets.xcassets */ = {isa = PBXFileReference; lastKnownFileType = folder.assetcatalog; path = "Preview Assets.xcassets"; sourceTree = "<group>"; };
		3286A09A2BED231600F8B5CC /* ExploreView.swift */ = {isa = PBXFileReference; lastKnownFileType = sourcecode.swift; path = ExploreView.swift; sourceTree = "<group>"; };
		3286A09C2BED2AAF00F8B5CC /* ItineraryView.swift */ = {isa = PBXFileReference; lastKnownFileType = sourcecode.swift; path = ItineraryView.swift; sourceTree = "<group>"; };
		3286A09E2BED2ABF00F8B5CC /* AboutView.swift */ = {isa = PBXFileReference; lastKnownFileType = sourcecode.swift; path = AboutView.swift; sourceTree = "<group>"; };
		3286A0A02BED2AD200F8B5CC /* HotelView.swift */ = {isa = PBXFileReference; lastKnownFileType = sourcecode.swift; path = HotelView.swift; sourceTree = "<group>"; };
		3286A0A42BED361300F8B5CC /* TripView.swift */ = {isa = PBXFileReference; lastKnownFileType = sourcecode.swift; path = TripView.swift; sourceTree = "<group>"; };
		3286A0A62BED362000F8B5CC /* ChatView.swift */ = {isa = PBXFileReference; lastKnownFileType = sourcecode.swift; path = ChatView.swift; sourceTree = "<group>"; };
		3286A0A82BED37B900F8B5CC /* ProfileView.swift */ = {isa = PBXFileReference; lastKnownFileType = sourcecode.swift; path = ProfileView.swift; sourceTree = "<group>"; };
/* End PBXFileReference section */

/* Begin PBXFrameworksBuildPhase section */
		3286A0842BED22B000F8B5CC /* Frameworks */ = {
			isa = PBXFrameworksBuildPhase;
			buildActionMask = 2147483647;
			files = (
			);
			runOnlyForDeploymentPostprocessing = 0;
		};
/* End PBXFrameworksBuildPhase section */

/* Begin PBXGroup section */
		3286A07E2BED22B000F8B5CC = {
			isa = PBXGroup;
			children = (
				3286A0892BED22B000F8B5CC /* Thrifty Trails */,
				3286A0882BED22B000F8B5CC /* Products */,
			);
			sourceTree = "<group>";
		};
		3286A0882BED22B000F8B5CC /* Products */ = {
			isa = PBXGroup;
			children = (
				3286A0872BED22B000F8B5CC /* Thrifty Trails.app */,
			);
			name = Products;
			sourceTree = "<group>";
		};
		3286A0892BED22B000F8B5CC /* Thrifty Trails */ = {
			isa = PBXGroup;
			children = (
				3286A08A2BED22B000F8B5CC /* Thrifty_TrailsApp.swift */,
				3286A08C2BED22B000F8B5CC /* ContentView.swift */,
				3286A09A2BED231600F8B5CC /* ExploreView.swift */,
				3286A09E2BED2ABF00F8B5CC /* AboutView.swift */,
				3286A09C2BED2AAF00F8B5CC /* ItineraryView.swift */,
				3286A0A02BED2AD200F8B5CC /* HotelView.swift */,
				3286A0A82BED37B900F8B5CC /* ProfileView.swift */,
				3286A0A42BED361300F8B5CC /* TripView.swift */,
				3286A0A62BED362000F8B5CC /* ChatView.swift */,
				3286A08E2BED22B000F8B5CC /* Item.swift */,
				3286A0902BED22B300F8B5CC /* Assets.xcassets */,
				3286A0922BED22B300F8B5CC /* Preview Content */,
			);
			path = "Thrifty Trails";
			sourceTree = "<group>";
		};
		3286A0922BED22B300F8B5CC /* Preview Content */ = {
			isa = PBXGroup;
			children = (
				3286A0932BED22B300F8B5CC /* Preview Assets.xcassets */,
			);
			path = "Preview Content";
			sourceTree = "<group>";
		};
/* End PBXGroup section */

/* Begin PBXNativeTarget section */
		3286A0862BED22B000F8B5CC /* Thrifty Trails */ = {
			isa = PBXNativeTarget;
			buildConfigurationList = 3286A0972BED22B300F8B5CC /* Build configuration list for PBXNativeTarget "Thrifty Trails" */;
			buildPhases = (
				3286A0832BED22B000F8B5CC /* Sources */,
				3286A0842BED22B000F8B5CC /* Frameworks */,
				3286A0852BED22B000F8B5CC /* Resources */,
			);
			buildRules = (
			);
			dependencies = (
			);
			name = "Thrifty Trails";
			productName = "Thrifty Trails";
			productReference = 3286A0872BED22B000F8B5CC /* Thrifty Trails.app */;
			productType = "com.apple.product-type.application";
		};
/* End PBXNativeTarget section */

/* Begin PBXProject section */
		3286A07F2BED22B000F8B5CC /* Project object */ = {
			isa = PBXProject;
			attributes = {
				BuildIndependentTargetsInParallel = 1;
				LastSwiftUpdateCheck = 1530;
				LastUpgradeCheck = 1530;
				TargetAttributes = {
					3286A0862BED22B000F8B5CC = {
						CreatedOnToolsVersion = 15.3;
					};
				};
			};
			buildConfigurationList = 3286A0822BED22B000F8B5CC /* Build configuration list for PBXProject "Thrifty Trails" */;
			compatibilityVersion = "Xcode 14.0";
			developmentRegion = en;
			hasScannedForEncodings = 0;
			knownRegions = (
				en,
				Base,
			);
			mainGroup = 3286A07E2BED22B000F8B5CC;
			productRefGroup = 3286A0882BED22B000F8B5CC /* Products */;
			projectDirPath = "";
			projectRoot = "";
			targets = (
				3286A0862BED22B000F8B5CC /* Thrifty Trails */,
			);
		};
/* End PBXProject section */

/* Begin PBXResourcesBuildPhase section */
		3286A0852BED22B000F8B5CC /* Resources */ = {
			isa = PBXResourcesBuildPhase;
			buildActionMask = 2147483647;
			files = (
				3286A0942BED22B300F8B5CC /* Preview Assets.xcassets in Resources */,
				3286A0912BED22B300F8B5CC /* Assets.xcassets in Resources */,
			);
			runOnlyForDeploymentPostprocessing = 0;
		};
/* End PBXResourcesBuildPhase section */

/* Begin PBXSourcesBuildPhase section */
		3286A0832BED22B000F8B5CC /* Sources */ = {
			isa = PBXSourcesBuildPhase;
			buildActionMask = 2147483647;
			files = (
				3286A0A52BED361300F8B5CC /* TripView.swift in Sources */,
				3286A08D2BED22B000F8B5CC /* ContentView.swift in Sources */,
				3286A0A72BED362100F8B5CC /* ChatView.swift in Sources */,
				3286A09B2BED231600F8B5CC /* ExploreView.swift in Sources */,
				3286A08F2BED22B000F8B5CC /* Item.swift in Sources */,
				3286A09D2BED2AB000F8B5CC /* ItineraryView.swift in Sources */,
				3286A0A12BED2AD200F8B5CC /* HotelView.swift in Sources */,
				3286A09F2BED2ABF00F8B5CC /* AboutView.swift in Sources */,
				3286A0A92BED37B900F8B5CC /* ProfileView.swift in Sources */,
				3286A08B2BED22B000F8B5CC /* Thrifty_TrailsApp.swift in Sources */,
			);
			runOnlyForDeploymentPostprocessing = 0;
		};
/* End PBXSourcesBuildPhase section */

/* Begin XCBuildConfiguration section */
		3286A0952BED22B300F8B5CC /* Debug */ = {
			isa = XCBuildConfiguration;
			buildSettings = {
				ALWAYS_SEARCH_USER_PATHS = NO;
				ASSETCATALOG_COMPILER_GENERATE_SWIFT_ASSET_SYMBOL_EXTENSIONS = YES;
				CLANG_ANALYZER_NONNULL = YES;
				CLANG_ANALYZER_NUMBER_OBJECT_CONVERSION = YES_AGGRESSIVE;
				CLANG_CXX_LANGUAGE_STANDARD = "gnu++20";
				CLANG_ENABLE_MODULES = YES;
				CLANG_ENABLE_OBJC_ARC = YES;
				CLANG_ENABLE_OBJC_WEAK = YES;
				CLANG_WARN_BLOCK_CAPTURE_AUTORELEASING = YES;
				CLANG_WARN_BOOL_CONVERSION = YES;
				CLANG_WARN_COMMA = YES;
				CLANG_WARN_CONSTANT_CONVERSION = YES;
				CLANG_WARN_DEPRECATED_OBJC_IMPLEMENTATIONS = YES;
				CLANG_WARN_DIRECT_OBJC_ISA_USAGE = YES_ERROR;
				CLANG_WARN_DOCUMENTATION_COMMENTS = YES;
				CLANG_WARN_EMPTY_BODY = YES;
				CLANG_WARN_ENUM_CONVERSION = YES;
				CLANG_WARN_INFINITE_RECURSION = YES;
				CLANG_WARN_INT_CONVERSION = YES;
				CLANG_WARN_NON_LITERAL_NULL_CONVERSION = YES;
				CLANG_WARN_OBJC_IMPLICIT_RETAIN_SELF = YES;
				CLANG_WARN_OBJC_LITERAL_CONVERSION = YES;
				CLANG_WARN_OBJC_ROOT_CLASS = YES_ERROR;
				CLANG_WARN_QUOTED_INCLUDE_IN_FRAMEWORK_HEADER = YES;
				CLANG_WARN_RANGE_LOOP_ANALYSIS = YES;
				CLANG_WARN_STRICT_PROTOTYPES = YES;
				CLANG_WARN_SUSPICIOUS_MOVE = YES;
				CLANG_WARN_UNGUARDED_AVAILABILITY = YES_AGGRESSIVE;
				CLANG_WARN_UNREACHABLE_CODE = YES;
				CLANG_WARN__DUPLICATE_METHOD_MATCH = YES;
				COPY_PHASE_STRIP = NO;
				DEBUG_INFORMATION_FORMAT = dwarf;
				ENABLE_STRICT_OBJC_MSGSEND = YES;
				ENABLE_TESTABILITY = YES;
				ENABLE_USER_SCRIPT_SANDBOXING = YES;
				GCC_C_LANGUAGE_STANDARD = gnu17;
				GCC_DYNAMIC_NO_PIC = NO;
				GCC_NO_COMMON_BLOCKS = YES;
				GCC_OPTIMIZATION_LEVEL = 0;
				GCC_PREPROCESSOR_DEFINITIONS = (
					"DEBUG=1",
					"$(inherited)",
				);
				GCC_WARN_64_TO_32_BIT_CONVERSION = YES;
				GCC_WARN_ABOUT_RETURN_TYPE = YES_ERROR;
				GCC_WARN_UNDECLARED_SELECTOR = YES;
				GCC_WARN_UNINITIALIZED_AUTOS = YES_AGGRESSIVE;
				GCC_WARN_UNUSED_FUNCTION = YES;
				GCC_WARN_UNUSED_VARIABLE = YES;
				IPHONEOS_DEPLOYMENT_TARGET = 17.4;
				LOCALIZATION_PREFERS_STRING_CATALOGS = YES;
				MTL_ENABLE_DEBUG_INFO = INCLUDE_SOURCE;
				MTL_FAST_MATH = YES;
				ONLY_ACTIVE_ARCH = YES;
				SDKROOT = iphoneos;
				SWIFT_ACTIVE_COMPILATION_CONDITIONS = "DEBUG $(inherited)";
				SWIFT_OPTIMIZATION_LEVEL = "-Onone";
			};
			name = Debug;
		};
		3286A0962BED22B300F8B5CC /* Release */ = {
			isa = XCBuildConfiguration;
			buildSettings = {
				ALWAYS_SEARCH_USER_PATHS = NO;
				ASSETCATALOG_COMPILER_GENERATE_SWIFT_ASSET_SYMBOL_EXTENSIONS = YES;
				CLANG_ANALYZER_NONNULL = YES;
				CLANG_ANALYZER_NUMBER_OBJECT_CONVERSION = YES_AGGRESSIVE;
				CLANG_CXX_LANGUAGE_STANDARD = "gnu++20";
				CLANG_ENABLE_MODULES = YES;
				CLANG_ENABLE_OBJC_ARC = YES;
				CLANG_ENABLE_OBJC_WEAK = YES;
				CLANG_WARN_BLOCK_CAPTURE_AUTORELEASING = YES;
				CLANG_WARN_BOOL_CONVERSION = YES;
				CLANG_WARN_COMMA = YES;
				CLANG_WARN_CONSTANT_CONVERSION = YES;
				CLANG_WARN_DEPRECATED_OBJC_IMPLEMENTATIONS = YES;
				CLANG_WARN_DIRECT_OBJC_ISA_USAGE = YES_ERROR;
				CLANG_WARN_DOCUMENTATION_COMMENTS = YES;
				CLANG_WARN_EMPTY_BODY = YES;
				CLANG_WARN_ENUM_CONVERSION = YES;
				CLANG_WARN_INFINITE_RECURSION = YES;
				CLANG_WARN_INT_CONVERSION = YES;
				CLANG_WARN_NON_LITERAL_NULL_CONVERSION = YES;
				CLANG_WARN_OBJC_IMPLICIT_RETAIN_SELF = YES;
				CLANG_WARN_OBJC_LITERAL_CONVERSION = YES;
				CLANG_WARN_OBJC_ROOT_CLASS = YES_ERROR;
				CLANG_WARN_QUOTED_INCLUDE_IN_FRAMEWORK_HEADER = YES;
				CLANG_WARN_RANGE_LOOP_ANALYSIS = YES;
				CLANG_WARN_STRICT_PROTOTYPES = YES;
				CLANG_WARN_SUSPICIOUS_MOVE = YES;
				CLANG_WARN_UNGUARDED_AVAILABILITY = YES_AGGRESSIVE;
				CLANG_WARN_UNREACHABLE_CODE = YES;
				CLANG_WARN__DUPLICATE_METHOD_MATCH = YES;
				COPY_PHASE_STRIP = NO;
				DEBUG_INFORMATION_FORMAT = "dwarf-with-dsym";
				ENABLE_NS_ASSERTIONS = NO;
				ENABLE_STRICT_OBJC_MSGSEND = YES;
				ENABLE_USER_SCRIPT_SANDBOXING = YES;
				GCC_C_LANGUAGE_STANDARD = gnu17;
				GCC_NO_COMMON_BLOCKS = YES;
				GCC_WARN_64_TO_32_BIT_CONVERSION = YES;
				GCC_WARN_ABOUT_RETURN_TYPE = YES_ERROR;
				GCC_WARN_UNDECLARED_SELECTOR = YES;
				GCC_WARN_UNINITIALIZED_AUTOS = YES_AGGRESSIVE;
				GCC_WARN_UNUSED_FUNCTION = YES;
				GCC_WARN_UNUSED_VARIABLE = YES;
				IPHONEOS_DEPLOYMENT_TARGET = 17.4;
				LOCALIZATION_PREFERS_STRING_CATALOGS = YES;
				MTL_ENABLE_DEBUG_INFO = NO;
				MTL_FAST_MATH = YES;
				SDKROOT = iphoneos;
				SWIFT_COMPILATION_MODE = wholemodule;
				VALIDATE_PRODUCT = YES;
			};
			name = Release;
		};
		3286A0982BED22B300F8B5CC /* Debug */ = {
			isa = XCBuildConfiguration;
			buildSettings = {
				ASSETCATALOG_COMPILER_APPICON_NAME = AppIcon;
				ASSETCATALOG_COMPILER_GLOBAL_ACCENT_COLOR_NAME = AccentColor;
				CODE_SIGN_STYLE = Automatic;
				CURRENT_PROJECT_VERSION = 1;
				DEVELOPMENT_ASSET_PATHS = "\"Thrifty Trails/Preview Content\"";
				DEVELOPMENT_TEAM = VHDS3VMUQQ;
				ENABLE_PREVIEWS = YES;
				GENERATE_INFOPLIST_FILE = YES;
				INFOPLIST_KEY_UIApplicationSceneManifest_Generation = YES;
				INFOPLIST_KEY_UIApplicationSupportsIndirectInputEvents = YES;
				INFOPLIST_KEY_UILaunchScreen_Generation = YES;
				INFOPLIST_KEY_UISupportedInterfaceOrientations_iPad = "UIInterfaceOrientationPortrait UIInterfaceOrientationPortraitUpsideDown UIInterfaceOrientationLandscapeLeft UIInterfaceOrientationLandscapeRight";
				INFOPLIST_KEY_UISupportedInterfaceOrientations_iPhone = "UIInterfaceOrientationPortrait UIInterfaceOrientationLandscapeLeft UIInterfaceOrientationLandscapeRight";
				IPHONEOS_DEPLOYMENT_TARGET = 17.1;
				LD_RUNPATH_SEARCH_PATHS = (
					"$(inherited)",
					"@executable_path/Frameworks",
				);
				MARKETING_VERSION = 1.0;
				PRODUCT_BUNDLE_IDENTIFIER = "TanviFahadMichael.Thrifty-Trails";
				PRODUCT_NAME = "$(TARGET_NAME)";
				SWIFT_EMIT_LOC_STRINGS = YES;
				SWIFT_VERSION = 5.0;
				TARGETED_DEVICE_FAMILY = "1,2";
			};
			name = Debug;
		};
		3286A0992BED22B300F8B5CC /* Release */ = {
			isa = XCBuildConfiguration;
			buildSettings = {
				ASSETCATALOG_COMPILER_APPICON_NAME = AppIcon;
				ASSETCATALOG_COMPILER_GLOBAL_ACCENT_COLOR_NAME = AccentColor;
				CODE_SIGN_STYLE = Automatic;
				CURRENT_PROJECT_VERSION = 1;
				DEVELOPMENT_ASSET_PATHS = "\"Thrifty Trails/Preview Content\"";
				DEVELOPMENT_TEAM = VHDS3VMUQQ;
				ENABLE_PREVIEWS = YES;
				GENERATE_INFOPLIST_FILE = YES;
				INFOPLIST_KEY_UIApplicationSceneManifest_Generation = YES;
				INFOPLIST_KEY_UIApplicationSupportsIndirectInputEvents = YES;
				INFOPLIST_KEY_UILaunchScreen_Generation = YES;
				INFOPLIST_KEY_UISupportedInterfaceOrientations_iPad = "UIInterfaceOrientationPortrait UIInterfaceOrientationPortraitUpsideDown UIInterfaceOrientationLandscapeLeft UIInterfaceOrientationLandscapeRight";
				INFOPLIST_KEY_UISupportedInterfaceOrientations_iPhone = "UIInterfaceOrientationPortrait UIInterfaceOrientationLandscapeLeft UIInterfaceOrientationLandscapeRight";
				IPHONEOS_DEPLOYMENT_TARGET = 17.1;
				LD_RUNPATH_SEARCH_PATHS = (
					"$(inherited)",
					"@executable_path/Frameworks",
				);
				MARKETING_VERSION = 1.0;
				PRODUCT_BUNDLE_IDENTIFIER = "TanviFahadMichael.Thrifty-Trails";
				PRODUCT_NAME = "$(TARGET_NAME)";
				SWIFT_EMIT_LOC_STRINGS = YES;
				SWIFT_VERSION = 5.0;
				TARGETED_DEVICE_FAMILY = "1,2";
			};
			name = Release;
		};
/* End XCBuildConfiguration section */

/* Begin XCConfigurationList section */
		3286A0822BED22B000F8B5CC /* Build configuration list for PBXProject "Thrifty Trails" */ = {
			isa = XCConfigurationList;
			buildConfigurations = (
				3286A0952BED22B300F8B5CC /* Debug */,
				3286A0962BED22B300F8B5CC /* Release */,
			);
			defaultConfigurationIsVisible = 0;
			defaultConfigurationName = Release;
		};
		3286A0972BED22B300F8B5CC /* Build configuration list for PBXNativeTarget "Thrifty Trails" */ = {
			isa = XCConfigurationList;
			buildConfigurations = (
				3286A0982BED22B300F8B5CC /* Debug */,
				3286A0992BED22B300F8B5CC /* Release */,
			);
			defaultConfigurationIsVisible = 0;
			defaultConfigurationName = Release;
		};
/* End XCConfigurationList section */
	};
	rootObject = 3286A07F2BED22B000F8B5CC /* Project object */;
}
